
Microsoft Visual Studio Solution File, Format Version 12.00
# Visual Studio 15
VisualStudioVersion = 15.0.27906.1
MinimumVisualStudioVersion = 10.0.40219.1
Project("{9A19103F-16F7-4668-BE54-9A1E7A4F7556}") = "ARM", "ARM\ARM\ARM.csproj", "{5F0B9244-5341-432C-9936-58E3165EFD19}"
EndProject
Project("{FAE04EC0-301F-11D3-BF4B-00C04F79EFBC}") = "ARM.Droid", "ARM\ARM.Droid\ARM.Droid.csproj", "{9727D8CC-4596-4E1A-BD42-5C7C2FDDA69F}"
EndProject
Project("{FAE04EC0-301F-11D3-BF4B-00C04F79EFBC}") = "ARM.iOS", "ARM\ARM.iOS\ARM.iOS.csproj", "{87694108-8E8C-400C-8AA9-921EEAC37A7D}"
EndProject
Project("{FAE04EC0-301F-11D3-BF4B-00C04F79EFBC}") = "ARM.UWP", "ARM\ARM.UWP\ARM.UWP.csproj", "{9A93F70A-5C2D-4783-B2CD-F314FFF74C12}"
EndProject
Global
	GlobalSection(SolutionConfigurationPlatforms) = preSolution
		Ad-Hoc|Any CPU = Ad-Hoc|Any CPU
		Ad-Hoc|ARM = Ad-Hoc|ARM
		Ad-Hoc|iPhone = Ad-Hoc|iPhone
		Ad-Hoc|iPhoneSimulator = Ad-Hoc|iPhoneSimulator
		Ad-Hoc|x64 = Ad-Hoc|x64
		Ad-Hoc|x86 = Ad-Hoc|x86
		AppStore|Any CPU = AppStore|Any CPU
		AppStore|ARM = AppStore|ARM
		AppStore|iPhone = AppStore|iPhone
		AppStore|iPhoneSimulator = AppStore|iPhoneSimulator
		AppStore|x64 = AppStore|x64
		AppStore|x86 = AppStore|x86
		Debug|Any CPU = Debug|Any CPU
		Debug|ARM = Debug|ARM
		Debug|iPhone = Debug|iPhone
		Debug|iPhoneSimulator = Debug|iPhoneSimulator
		Debug|x64 = Debug|x64
		Debug|x86 = Debug|x86
		Release|Any CPU = Release|Any CPU
		Release|ARM = Release|ARM
		Release|iPhone = Release|iPhone
		Release|iPhoneSimulator = Release|iPhoneSimulator
		Release|x64 = Release|x64
		Release|x86 = Release|x86
	EndGlobalSection
	GlobalSection(ProjectConfigurationPlatforms) = postSolution
		{5F0B9244-5341-432C-9936-58E3165EFD19}.Ad-Hoc|Any CPU.ActiveCfg = Debug|Any CPU
		{5F0B9244-5341-432C-9936-58E3165EFD19}.Ad-Hoc|Any CPU.Build.0 = Debug|Any CPU
		{5F0B9244-5341-432C-9936-58E3165EFD19}.Ad-Hoc|ARM.ActiveCfg = Debug|Any CPU
		{5F0B9244-5341-432C-9936-58E3165EFD19}.Ad-Hoc|ARM.Build.0 = Debug|Any CPU
		{5F0B9244-5341-432C-9936-58E3165EFD19}.Ad-Hoc|iPhone.ActiveCfg = Debug|Any CPU
		{5F0B9244-5341-432C-9936-58E3165EFD19}.Ad-Hoc|iPhone.Build.0 = Debug|Any CPU
		{5F0B9244-5341-432C-9936-58E3165EFD19}.Ad-Hoc|iPhoneSimulator.ActiveCfg = Debug|Any CPU
		{5F0B9244-5341-432C-9936-58E3165EFD19}.Ad-Hoc|iPhoneSimulator.Build.0 = Debug|Any CPU
		{5F0B9244-5341-432C-9936-58E3165EFD19}.Ad-Hoc|x64.ActiveCfg = Debug|Any CPU
		{5F0B9244-5341-432C-9936-58E3165EFD19}.Ad-Hoc|x64.Build.0 = Debug|Any CPU
		{5F0B9244-5341-432C-9936-58E3165EFD19}.Ad-Hoc|x86.ActiveCfg = Debug|Any CPU
		{5F0B9244-5341-432C-9936-58E3165EFD19}.Ad-Hoc|x86.Build.0 = Debug|Any CPU
		{5F0B9244-5341-432C-9936-58E3165EFD19}.AppStore|Any CPU.ActiveCfg = Debug|Any CPU
		{5F0B9244-5341-432C-9936-58E3165EFD19}.AppStore|Any CPU.Build.0 = Debug|Any CPU
		{5F0B9244-5341-432C-9936-58E3165EFD19}.AppStore|ARM.ActiveCfg = Debug|Any CPU
		{5F0B9244-5341-432C-9936-58E3165EFD19}.AppStore|ARM.Build.0 = Debug|Any CPU
		{5F0B9244-5341-432C-9936-58E3165EFD19}.AppStore|iPhone.ActiveCfg = Debug|Any CPU
		{5F0B9244-5341-432C-9936-58E3165EFD19}.AppStore|iPhone.Build.0 = Debug|Any CPU
		{5F0B9244-5341-432C-9936-58E3165EFD19}.AppStore|iPhoneSimulator.ActiveCfg = Debug|Any CPU
		{5F0B9244-5341-432C-9936-58E3165EFD19}.AppStore|iPhoneSimulator.Build.0 = Debug|Any CPU
		{5F0B9244-5341-432C-9936-58E3165EFD19}.AppStore|x64.ActiveCfg = Debug|Any CPU
		{5F0B9244-5341-432C-9936-58E3165EFD19}.AppStore|x64.Build.0 = Debug|Any CPU
		{5F0B9244-5341-432C-9936-58E3165EFD19}.AppStore|x86.ActiveCfg = Debug|Any CPU
		{5F0B9244-5341-432C-9936-58E3165EFD19}.AppStore|x86.Build.0 = Debug|Any CPU
		{5F0B9244-5341-432C-9936-58E3165EFD19}.Debug|Any CPU.ActiveCfg = Debug|Any CPU
		{5F0B9244-5341-432C-9936-58E3165EFD19}.Debug|Any CPU.Build.0 = Debug|Any CPU
		{5F0B9244-5341-432C-9936-58E3165EFD19}.Debug|ARM.ActiveCfg = Debug|Any CPU
		{5F0B9244-5341-432C-9936-58E3165EFD19}.Debug|ARM.Build.0 = Debug|Any CPU
		{5F0B9244-5341-432C-9936-58E3165EFD19}.Debug|iPhone.ActiveCfg = Debug|Any CPU
		{5F0B9244-5341-432C-9936-58E3165EFD19}.Debug|iPhone.Build.0 = Debug|Any CPU
		{5F0B9244-5341-432C-9936-58E3165EFD19}.Debug|iPhoneSimulator.ActiveCfg = Debug|Any CPU
		{5F0B9244-5341-432C-9936-58E3165EFD19}.Debug|iPhoneSimulator.Build.0 = Debug|Any CPU
		{5F0B9244-5341-432C-9936-58E3165EFD19}.Debug|x64.ActiveCfg = Debug|Any CPU
		{5F0B9244-5341-432C-9936-58E3165EFD19}.Debug|x64.Build.0 = Debug|Any CPU
		{5F0B9244-5341-432C-9936-58E3165EFD19}.Debug|x86.ActiveCfg = Debug|Any CPU
		{5F0B9244-5341-432C-9936-58E3165EFD19}.Debug|x86.Build.0 = Debug|Any CPU
		{5F0B9244-5341-432C-9936-58E3165EFD19}.Release|Any CPU.ActiveCfg = Release|Any CPU
		{5F0B9244-5341-432C-9936-58E3165EFD19}.Release|Any CPU.Build.0 = Release|Any CPU
		{5F0B9244-5341-432C-9936-58E3165EFD19}.Release|ARM.ActiveCfg = Release|Any CPU
		{5F0B9244-5341-432C-9936-58E3165EFD19}.Release|ARM.Build.0 = Release|Any CPU
		{5F0B9244-5341-432C-9936-58E3165EFD19}.Release|iPhone.ActiveCfg = Release|Any CPU
		{5F0B9244-5341-432C-9936-58E3165EFD19}.Release|iPhone.Build.0 = Release|Any CPU
		{5F0B9244-5341-432C-9936-58E3165EFD19}.Release|iPhoneSimulator.ActiveCfg = Release|Any CPU
		{5F0B9244-5341-432C-9936-58E3165EFD19}.Release|iPhoneSimulator.Build.0 = Release|Any CPU
		{5F0B9244-5341-432C-9936-58E3165EFD19}.Release|x64.ActiveCfg = Release|Any CPU
		{5F0B9244-5341-432C-9936-58E3165EFD19}.Release|x64.Build.0 = Release|Any CPU
		{5F0B9244-5341-432C-9936-58E3165EFD19}.Release|x86.ActiveCfg = Release|Any CPU
		{5F0B9244-5341-432C-9936-58E3165EFD19}.Release|x86.Build.0 = Release|Any CPU
		{9727D8CC-4596-4E1A-BD42-5C7C2FDDA69F}.Ad-Hoc|Any CPU.ActiveCfg = Release|Any CPU
		{9727D8CC-4596-4E1A-BD42-5C7C2FDDA69F}.Ad-Hoc|Any CPU.Build.0 = Release|Any CPU
		{9727D8CC-4596-4E1A-BD42-5C7C2FDDA69F}.Ad-Hoc|Any CPU.Deploy.0 = Release|Any CPU
		{9727D8CC-4596-4E1A-BD42-5C7C2FDDA69F}.Ad-Hoc|ARM.ActiveCfg = Release|Any CPU
		{9727D8CC-4596-4E1A-BD42-5C7C2FDDA69F}.Ad-Hoc|ARM.Build.0 = Release|Any CPU
		{9727D8CC-4596-4E1A-BD42-5C7C2FDDA69F}.Ad-Hoc|ARM.Deploy.0 = Release|Any CPU
		{9727D8CC-4596-4E1A-BD42-5C7C2FDDA69F}.Ad-Hoc|iPhone.ActiveCfg = Release|Any CPU
		{9727D8CC-4596-4E1A-BD42-5C7C2FDDA69F}.Ad-Hoc|iPhone.Build.0 = Release|Any CPU
		{9727D8CC-4596-4E1A-BD42-5C7C2FDDA69F}.Ad-Hoc|iPhone.Deploy.0 = Release|Any CPU
		{9727D8CC-4596-4E1A-BD42-5C7C2FDDA69F}.Ad-Hoc|iPhoneSimulator.ActiveCfg = Release|Any CPU
		{9727D8CC-4596-4E1A-BD42-5C7C2FDDA69F}.Ad-Hoc|iPhoneSimulator.Build.0 = Release|Any CPU
		{9727D8CC-4596-4E1A-BD42-5C7C2FDDA69F}.Ad-Hoc|iPhoneSimulator.Deploy.0 = Release|Any CPU
		{9727D8CC-4596-4E1A-BD42-5C7C2FDDA69F}.Ad-Hoc|x64.ActiveCfg = Release|Any CPU
		{9727D8CC-4596-4E1A-BD42-5C7C2FDDA69F}.Ad-Hoc|x64.Build.0 = Release|Any CPU
		{9727D8CC-4596-4E1A-BD42-5C7C2FDDA69F}.Ad-Hoc|x64.Deploy.0 = Release|Any CPU
		{9727D8CC-4596-4E1A-BD42-5C7C2FDDA69F}.Ad-Hoc|x86.ActiveCfg = Release|Any CPU
		{9727D8CC-4596-4E1A-BD42-5C7C2FDDA69F}.Ad-Hoc|x86.Build.0 = Release|Any CPU
		{9727D8CC-4596-4E1A-BD42-5C7C2FDDA69F}.Ad-Hoc|x86.Deploy.0 = Release|Any CPU
		{9727D8CC-4596-4E1A-BD42-5C7C2FDDA69F}.AppStore|Any CPU.ActiveCfg = Release|Any CPU
		{9727D8CC-4596-4E1A-BD42-5C7C2FDDA69F}.AppStore|Any CPU.Build.0 = Release|Any CPU
		{9727D8CC-4596-4E1A-BD42-5C7C2FDDA69F}.AppStore|Any CPU.Deploy.0 = Release|Any CPU
		{9727D8CC-4596-4E1A-BD42-5C7C2FDDA69F}.AppStore|ARM.ActiveCfg = Release|Any CPU
		{9727D8CC-4596-4E1A-BD42-5C7C2FDDA69F}.AppStore|ARM.Build.0 = Release|Any CPU
		{9727D8CC-4596-4E1A-BD42-5C7C2FDDA69F}.AppStore|ARM.Deploy.0 = Release|Any CPU
		{9727D8CC-4596-4E1A-BD42-5C7C2FDDA69F}.AppStore|iPhone.ActiveCfg = Release|Any CPU
		{9727D8CC-4596-4E1A-BD42-5C7C2FDDA69F}.AppStore|iPhone.Build.0 = Release|Any CPU
		{9727D8CC-4596-4E1A-BD42-5C7C2FDDA69F}.AppStore|iPhone.Deploy.0 = Release|Any CPU
		{9727D8CC-4596-4E1A-BD42-5C7C2FDDA69F}.AppStore|iPhoneSimulator.ActiveCfg = Release|Any CPU
		{9727D8CC-4596-4E1A-BD42-5C7C2FDDA69F}.AppStore|iPhoneSimulator.Build.0 = Release|Any CPU
		{9727D8CC-4596-4E1A-BD42-5C7C2FDDA69F}.AppStore|iPhoneSimulator.Deploy.0 = Release|Any CPU
		{9727D8CC-4596-4E1A-BD42-5C7C2FDDA69F}.AppStore|x64.ActiveCfg = Release|Any CPU
		{9727D8CC-4596-4E1A-BD42-5C7C2FDDA69F}.AppStore|x64.Build.0 = Release|Any CPU
		{9727D8CC-4596-4E1A-BD42-5C7C2FDDA69F}.AppStore|x64.Deploy.0 = Release|Any CPU
		{9727D8CC-4596-4E1A-BD42-5C7C2FDDA69F}.AppStore|x86.ActiveCfg = Release|Any CPU
		{9727D8CC-4596-4E1A-BD42-5C7C2FDDA69F}.AppStore|x86.Build.0 = Release|Any CPU
		{9727D8CC-4596-4E1A-BD42-5C7C2FDDA69F}.AppStore|x86.Deploy.0 = Release|Any CPU
		{9727D8CC-4596-4E1A-BD42-5C7C2FDDA69F}.Debug|Any CPU.ActiveCfg = Debug|Any CPU
		{9727D8CC-4596-4E1A-BD42-5C7C2FDDA69F}.Debug|Any CPU.Build.0 = Debug|Any CPU
		{9727D8CC-4596-4E1A-BD42-5C7C2FDDA69F}.Debug|Any CPU.Deploy.0 = Debug|Any CPU
		{9727D8CC-4596-4E1A-BD42-5C7C2FDDA69F}.Debug|ARM.ActiveCfg = Debug|Any CPU
		{9727D8CC-4596-4E1A-BD42-5C7C2FDDA69F}.Debug|ARM.Build.0 = Debug|Any CPU
		{9727D8CC-4596-4E1A-BD42-5C7C2FDDA69F}.Debug|ARM.Deploy.0 = Debug|Any CPU
		{9727D8CC-4596-4E1A-BD42-5C7C2FDDA69F}.Debug|iPhone.ActiveCfg = Debug|Any CPU
		{9727D8CC-4596-4E1A-BD42-5C7C2FDDA69F}.Debug|iPhone.Build.0 = Debug|Any CPU
		{9727D8CC-4596-4E1A-BD42-5C7C2FDDA69F}.Debug|iPhone.Deploy.0 = Debug|Any CPU
		{9727D8CC-4596-4E1A-BD42-5C7C2FDDA69F}.Debug|iPhoneSimulator.ActiveCfg = Debug|Any CPU
		{9727D8CC-4596-4E1A-BD42-5C7C2FDDA69F}.Debug|iPhoneSimulator.Build.0 = Debug|Any CPU
		{9727D8CC-4596-4E1A-BD42-5C7C2FDDA69F}.Debug|iPhoneSimulator.Deploy.0 = Debug|Any CPU
		{9727D8CC-4596-4E1A-BD42-5C7C2FDDA69F}.Debug|x64.ActiveCfg = Debug|Any CPU
		{9727D8CC-4596-4E1A-BD42-5C7C2FDDA69F}.Debug|x64.Build.0 = Debug|Any CPU
		{9727D8CC-4596-4E1A-BD42-5C7C2FDDA69F}.Debug|x64.Deploy.0 = Debug|Any CPU
		{9727D8CC-4596-4E1A-BD42-5C7C2FDDA69F}.Debug|x86.ActiveCfg = Debug|Any CPU
		{9727D8CC-4596-4E1A-BD42-5C7C2FDDA69F}.Debug|x86.Build.0 = Debug|Any CPU
		{9727D8CC-4596-4E1A-BD42-5C7C2FDDA69F}.Debug|x86.Deploy.0 = Debug|Any CPU
		{9727D8CC-4596-4E1A-BD42-5C7C2FDDA69F}.Release|Any CPU.ActiveCfg = Release|Any CPU
		{9727D8CC-4596-4E1A-BD42-5C7C2FDDA69F}.Release|Any CPU.Build.0 = Release|Any CPU
		{9727D8CC-4596-4E1A-BD42-5C7C2FDDA69F}.Release|Any CPU.Deploy.0 = Release|Any CPU
		{9727D8CC-4596-4E1A-BD42-5C7C2FDDA69F}.Release|ARM.ActiveCfg = Release|Any CPU
		{9727D8CC-4596-4E1A-BD42-5C7C2FDDA69F}.Release|ARM.Build.0 = Release|Any CPU
		{9727D8CC-4596-4E1A-BD42-5C7C2FDDA69F}.Release|ARM.Deploy.0 = Release|Any CPU
		{9727D8CC-4596-4E1A-BD42-5C7C2FDDA69F}.Release|iPhone.ActiveCfg = Release|Any CPU
		{9727D8CC-4596-4E1A-BD42-5C7C2FDDA69F}.Release|iPhone.Build.0 = Release|Any CPU
		{9727D8CC-4596-4E1A-BD42-5C7C2FDDA69F}.Release|iPhone.Deploy.0 = Release|Any CPU
		{9727D8CC-4596-4E1A-BD42-5C7C2FDDA69F}.Release|iPhoneSimulator.ActiveCfg = Release|Any CPU
		{9727D8CC-4596-4E1A-BD42-5C7C2FDDA69F}.Release|iPhoneSimulator.Build.0 = Release|Any CPU
		{9727D8CC-4596-4E1A-BD42-5C7C2FDDA69F}.Release|iPhoneSimulator.Deploy.0 = Release|Any CPU
		{9727D8CC-4596-4E1A-BD42-5C7C2FDDA69F}.Release|x64.ActiveCfg = Release|Any CPU
		{9727D8CC-4596-4E1A-BD42-5C7C2FDDA69F}.Release|x64.Build.0 = Release|Any CPU
		{9727D8CC-4596-4E1A-BD42-5C7C2FDDA69F}.Release|x64.Deploy.0 = Release|Any CPU
		{9727D8CC-4596-4E1A-BD42-5C7C2FDDA69F}.Release|x86.ActiveCfg = Release|Any CPU
		{9727D8CC-4596-4E1A-BD42-5C7C2FDDA69F}.Release|x86.Build.0 = Release|Any CPU
		{9727D8CC-4596-4E1A-BD42-5C7C2FDDA69F}.Release|x86.Deploy.0 = Release|Any CPU
		{87694108-8E8C-400C-8AA9-921EEAC37A7D}.Ad-Hoc|Any CPU.ActiveCfg = Ad-Hoc|iPhone
		{87694108-8E8C-400C-8AA9-921EEAC37A7D}.Ad-Hoc|ARM.ActiveCfg = Ad-Hoc|iPhone
		{87694108-8E8C-400C-8AA9-921EEAC37A7D}.Ad-Hoc|iPhone.ActiveCfg = Ad-Hoc|iPhone
		{87694108-8E8C-400C-8AA9-921EEAC37A7D}.Ad-Hoc|iPhone.Build.0 = Ad-Hoc|iPhone
		{87694108-8E8C-400C-8AA9-921EEAC37A7D}.Ad-Hoc|iPhoneSimulator.ActiveCfg = Ad-Hoc|iPhoneSimulator
		{87694108-8E8C-400C-8AA9-921EEAC37A7D}.Ad-Hoc|iPhoneSimulator.Build.0 = Ad-Hoc|iPhoneSimulator
		{87694108-8E8C-400C-8AA9-921EEAC37A7D}.Ad-Hoc|x64.ActiveCfg = Ad-Hoc|iPhone
		{87694108-8E8C-400C-8AA9-921EEAC37A7D}.Ad-Hoc|x86.ActiveCfg = Ad-Hoc|iPhone
		{87694108-8E8C-400C-8AA9-921EEAC37A7D}.AppStore|Any CPU.ActiveCfg = AppStore|iPhone
		{87694108-8E8C-400C-8AA9-921EEAC37A7D}.AppStore|ARM.ActiveCfg = AppStore|iPhone
		{87694108-8E8C-400C-8AA9-921EEAC37A7D}.AppStore|iPhone.ActiveCfg = AppStore|iPhone
		{87694108-8E8C-400C-8AA9-921EEAC37A7D}.AppStore|iPhone.Build.0 = AppStore|iPhone
		{87694108-8E8C-400C-8AA9-921EEAC37A7D}.AppStore|iPhoneSimulator.ActiveCfg = AppStore|iPhoneSimulator
		{87694108-8E8C-400C-8AA9-921EEAC37A7D}.AppStore|iPhoneSimulator.Build.0 = AppStore|iPhoneSimulator
		{87694108-8E8C-400C-8AA9-921EEAC37A7D}.AppStore|x64.ActiveCfg = AppStore|iPhone
		{87694108-8E8C-400C-8AA9-921EEAC37A7D}.AppStore|x86.ActiveCfg = AppStore|iPhone
		{87694108-8E8C-400C-8AA9-921EEAC37A7D}.Debug|Any CPU.ActiveCfg = Debug|iPhone
		{87694108-8E8C-400C-8AA9-921EEAC37A7D}.Debug|ARM.ActiveCfg = Debug|iPhone
		{87694108-8E8C-400C-8AA9-921EEAC37A7D}.Debug|iPhone.ActiveCfg = Debug|iPhone
		{87694108-8E8C-400C-8AA9-921EEAC37A7D}.Debug|iPhone.Build.0 = Debug|iPhone
		{87694108-8E8C-400C-8AA9-921EEAC37A7D}.Debug|iPhoneSimulator.ActiveCfg = Debug|iPhoneSimulator
		{87694108-8E8C-400C-8AA9-921EEAC37A7D}.Debug|iPhoneSimulator.Build.0 = Debug|iPhoneSimulator
		{87694108-8E8C-400C-8AA9-921EEAC37A7D}.Debug|x64.ActiveCfg = Debug|iPhone
		{87694108-8E8C-400C-8AA9-921EEAC37A7D}.Debug|x86.ActiveCfg = Debug|iPhone
		{87694108-8E8C-400C-8AA9-921EEAC37A7D}.Release|Any CPU.ActiveCfg = Release|iPhone
		{87694108-8E8C-400C-8AA9-921EEAC37A7D}.Release|ARM.ActiveCfg = Release|iPhone
		{87694108-8E8C-400C-8AA9-921EEAC37A7D}.Release|iPhone.ActiveCfg = Release|iPhone
		{87694108-8E8C-400C-8AA9-921EEAC37A7D}.Release|iPhone.Build.0 = Release|iPhone
		{87694108-8E8C-400C-8AA9-921EEAC37A7D}.Release|iPhoneSimulator.ActiveCfg = Release|iPhoneSimulator
		{87694108-8E8C-400C-8AA9-921EEAC37A7D}.Release|iPhoneSimulator.Build.0 = Release|iPhoneSimulator
		{87694108-8E8C-400C-8AA9-921EEAC37A7D}.Release|x64.ActiveCfg = Release|iPhone
		{87694108-8E8C-400C-8AA9-921EEAC37A7D}.Release|x86.ActiveCfg = Release|iPhone
		{9A93F70A-5C2D-4783-B2CD-F314FFF74C12}.Ad-Hoc|Any CPU.ActiveCfg = Release|x86
		{9A93F70A-5C2D-4783-B2CD-F314FFF74C12}.Ad-Hoc|Any CPU.Build.0 = Release|x86
		{9A93F70A-5C2D-4783-B2CD-F314FFF74C12}.Ad-Hoc|Any CPU.Deploy.0 = Release|x86
		{9A93F70A-5C2D-4783-B2CD-F314FFF74C12}.Ad-Hoc|ARM.ActiveCfg = Release|ARM
		{9A93F70A-5C2D-4783-B2CD-F314FFF74C12}.Ad-Hoc|ARM.Build.0 = Release|ARM
		{9A93F70A-5C2D-4783-B2CD-F314FFF74C12}.Ad-Hoc|ARM.Deploy.0 = Release|ARM
		{9A93F70A-5C2D-4783-B2CD-F314FFF74C12}.Ad-Hoc|iPhone.ActiveCfg = Release|x86
		{9A93F70A-5C2D-4783-B2CD-F314FFF74C12}.Ad-Hoc|iPhone.Build.0 = Release|x86
		{9A93F70A-5C2D-4783-B2CD-F314FFF74C12}.Ad-Hoc|iPhone.Deploy.0 = Release|x86
		{9A93F70A-5C2D-4783-B2CD-F314FFF74C12}.Ad-Hoc|iPhoneSimulator.ActiveCfg = Release|x86
		{9A93F70A-5C2D-4783-B2CD-F314FFF74C12}.Ad-Hoc|iPhoneSimulator.Build.0 = Release|x86
		{9A93F70A-5C2D-4783-B2CD-F314FFF74C12}.Ad-Hoc|iPhoneSimulator.Deploy.0 = Release|x86
		{9A93F70A-5C2D-4783-B2CD-F314FFF74C12}.Ad-Hoc|x64.ActiveCfg = Release|x64
		{9A93F70A-5C2D-4783-B2CD-F314FFF74C12}.Ad-Hoc|x64.Build.0 = Release|x64
		{9A93F70A-5C2D-4783-B2CD-F314FFF74C12}.Ad-Hoc|x64.Deploy.0 = Release|x64
		{9A93F70A-5C2D-4783-B2CD-F314FFF74C12}.Ad-Hoc|x86.ActiveCfg = Release|x86
		{9A93F70A-5C2D-4783-B2CD-F314FFF74C12}.Ad-Hoc|x86.Build.0 = Release|x86
		{9A93F70A-5C2D-4783-B2CD-F314FFF74C12}.Ad-Hoc|x86.Deploy.0 = Release|x86
		{9A93F70A-5C2D-4783-B2CD-F314FFF74C12}.AppStore|Any CPU.ActiveCfg = Release|x86
		{9A93F70A-5C2D-4783-B2CD-F314FFF74C12}.AppStore|Any CPU.Build.0 = Release|x86
		{9A93F70A-5C2D-4783-B2CD-F314FFF74C12}.AppStore|Any CPU.Deploy.0 = Release|x86
		{9A93F70A-5C2D-4783-B2CD-F314FFF74C12}.AppStore|ARM.ActiveCfg = Release|ARM
		{9A93F70A-5C2D-4783-B2CD-F314FFF74C12}.AppStore|ARM.Build.0 = Release|ARM
		{9A93F70A-5C2D-4783-B2CD-F314FFF74C12}.AppStore|ARM.Deploy.0 = Release|ARM
		{9A93F70A-5C2D-4783-B2CD-F314FFF74C12}.AppStore|iPhone.ActiveCfg = Release|x86
		{9A93F70A-5C2D-4783-B2CD-F314FFF74C12}.AppStore|iPhone.Build.0 = Release|x86
		{9A93F70A-5C2D-4783-B2CD-F314FFF74C12}.AppStore|iPhone.Deploy.0 = Release|x86
		{9A93F70A-5C2D-4783-B2CD-F314FFF74C12}.AppStore|iPhoneSimulator.ActiveCfg = Release|x86
		{9A93F70A-5C2D-4783-B2CD-F314FFF74C12}.AppStore|iPhoneSimulator.Build.0 = Release|x86
		{9A93F70A-5C2D-4783-B2CD-F314FFF74C12}.AppStore|iPhoneSimulator.Deploy.0 = Release|x86
		{9A93F70A-5C2D-4783-B2CD-F314FFF74C12}.AppStore|x64.ActiveCfg = Release|x64
		{9A93F70A-5C2D-4783-B2CD-F314FFF74C12}.AppStore|x64.Build.0 = Release|x64
		{9A93F70A-5C2D-4783-B2CD-F314FFF74C12}.AppStore|x64.Deploy.0 = Release|x64
		{9A93F70A-5C2D-4783-B2CD-F314FFF74C12}.AppStore|x86.ActiveCfg = Release|x86
		{9A93F70A-5C2D-4783-B2CD-F314FFF74C12}.AppStore|x86.Build.0 = Release|x86
		{9A93F70A-5C2D-4783-B2CD-F314FFF74C12}.AppStore|x86.Deploy.0 = Release|x86
		{9A93F70A-5C2D-4783-B2CD-F314FFF74C12}.Debug|Any CPU.ActiveCfg = Debug|x86
		{9A93F70A-5C2D-4783-B2CD-F314FFF74C12}.Debug|ARM.ActiveCfg = Debug|ARM
		{9A93F70A-5C2D-4783-B2CD-F314FFF74C12}.Debug|ARM.Build.0 = Debug|ARM
		{9A93F70A-5C2D-4783-B2CD-F314FFF74C12}.Debug|ARM.Deploy.0 = Debug|ARM
		{9A93F70A-5C2D-4783-B2CD-F314FFF74C12}.Debug|iPhone.ActiveCfg = Debug|x86
		{9A93F70A-5C2D-4783-B2CD-F314FFF74C12}.Debug|iPhoneSimulator.ActiveCfg = Debug|x86
		{9A93F70A-5C2D-4783-B2CD-F314FFF74C12}.Debug|x64.ActiveCfg = Debug|x64
		{9A93F70A-5C2D-4783-B2CD-F314FFF74C12}.Debug|x64.Build.0 = Debug|x64
		{9A93F70A-5C2D-4783-B2CD-F314FFF74C12}.Debug|x64.Deploy.0 = Debug|x64
		{9A93F70A-5C2D-4783-B2CD-F314FFF74C12}.Debug|x86.ActiveCfg = Debug|x86
		{9A93F70A-5C2D-4783-B2CD-F314FFF74C12}.Debug|x86.Build.0 = Debug|x86
		{9A93F70A-5C2D-4783-B2CD-F314FFF74C12}.Debug|x86.Deploy.0 = Debug|x86
		{9A93F70A-5C2D-4783-B2CD-F314FFF74C12}.Release|Any CPU.ActiveCfg = Release|x86
		{9A93F70A-5C2D-4783-B2CD-F314FFF74C12}.Release|ARM.ActiveCfg = Release|ARM
		{9A93F70A-5C2D-4783-B2CD-F314FFF74C12}.Release|ARM.Build.0 = Release|ARM
		{9A93F70A-5C2D-4783-B2CD-F314FFF74C12}.Release|ARM.Deploy.0 = Release|ARM
		{9A93F70A-5C2D-4783-B2CD-F314FFF74C12}.Release|iPhone.ActiveCfg = Release|x86
		{9A93F70A-5C2D-4783-B2CD-F314FFF74C12}.Release|iPhoneSimulator.ActiveCfg = Release|x86
		{9A93F70A-5C2D-4783-B2CD-F314FFF74C12}.Release|x64.ActiveCfg = Release|x64
		{9A93F70A-5C2D-4783-B2CD-F314FFF74C12}.Release|x64.Build.0 = Release|x64
		{9A93F70A-5C2D-4783-B2CD-F314FFF74C12}.Release|x64.Deploy.0 = Release|x64
		{9A93F70A-5C2D-4783-B2CD-F314FFF74C12}.Release|x86.ActiveCfg = Release|x86
		{9A93F70A-5C2D-4783-B2CD-F314FFF74C12}.Release|x86.Build.0 = Release|x86
		{9A93F70A-5C2D-4783-B2CD-F314FFF74C12}.Release|x86.Deploy.0 = Release|x86
	EndGlobalSection
	GlobalSection(SolutionProperties) = preSolution
		HideSolutionNode = FALSE
	EndGlobalSection
	GlobalSection(ExtensibilityGlobals) = postSolution
		SolutionGuid = {DCAF696F-64C8-4FB2-AD5F-6B13F30B4BD3}
	EndGlobalSection
EndGlobal
